// !$*UTF8*$!
{
	archiveVersion = 1;
	classes = {
	};
	objectVersion = 46;
	objects = {

/* Begin PBXBuildFile section */
		B63740AE099590C52B6A2C47 /* CSharpParser.cpp in Sources */ = {isa = PBXBuildFile; fileRef = B63744A01BCC06D91AD60CD5 /* CSharpParser.cpp */; };
		B63745332353305DFEA12626 /* CSharpLexer.cpp in Sources */ = {isa = PBXBuildFile; fileRef = B63744E31F1E99C2E7837DB8 /* CSharpLexer.cpp */; };
		B637461DC1B0810363E17CBD /* CSharpParser.hpp in CopyFiles */ = {isa = PBXBuildFile; fileRef = B637470A3A19FEB0911A1DF0 /* CSharpParser.hpp */; };
		B63746314512CE545AA9A629 /* Application.hpp in CopyFiles */ = {isa = PBXBuildFile; fileRef = B637417A578456C7E3153360 /* Application.hpp */; };
		B6374A4517B7AB166349CABB /* CSharpLexer.hpp in CopyFiles */ = {isa = PBXBuildFile; fileRef = B63746FA378C72578DB63626 /* CSharpLexer.hpp */; };
		B6374BC93CCD4F0F87A4E272 /* Application.cpp in Sources */ = {isa = PBXBuildFile; fileRef = B6374E0D5E70AEFFF67A5F4F /* Application.cpp */; };
		B6374FC062654F6594321E2F /* main.cpp in Sources */ = {isa = PBXBuildFile; fileRef = B6374D0FDEDEB0D2283D2AD0 /* main.cpp */; };
/* End PBXBuildFile section */

/* Begin PBXCopyFilesBuildPhase section */
		B6374960C7AC8823799FFB37 /* CopyFiles */ = {
			isa = PBXCopyFilesBuildPhase;
			buildActionMask = 2147483647;
			dstPath = /usr/share/man/man1/;
			dstSubfolderSpec = 0;
			files = (
				B6374A4517B7AB166349CABB /* CSharpLexer.hpp in CopyFiles */,
				B637461DC1B0810363E17CBD /* CSharpParser.hpp in CopyFiles */,
				B63746314512CE545AA9A629 /* Application.hpp in CopyFiles */,
			);
			runOnlyForDeploymentPostprocessing = 1;
		};
/* End PBXCopyFilesBuildPhase section */

/* Begin PBXFileReference section */
		B637417A578456C7E3153360 /* Application.hpp */ = {isa = PBXFileReference; fileEncoding = 4; lastKnownFileType = sourcecode.cpp.h; path = Application.hpp; sourceTree = "<group>"; };
		B63742AE7BA46C6936FCC1B5 /* CodeR.1 */ = {isa = PBXFileReference; lastKnownFileType = text.man; path = CodeR.1; sourceTree = "<group>"; };
		B63744A01BCC06D91AD60CD5 /* CSharpParser.cpp */ = {isa = PBXFileReference; fileEncoding = 4; lastKnownFileType = sourcecode.cpp.cpp; path = CSharpParser.cpp; sourceTree = "<group>"; };
		B63744E31F1E99C2E7837DB8 /* CSharpLexer.cpp */ = {isa = PBXFileReference; fileEncoding = 4; lastKnownFileType = sourcecode.cpp.cpp; path = CSharpLexer.cpp; sourceTree = "<group>"; };
		B63746FA378C72578DB63626 /* CSharpLexer.hpp */ = {isa = PBXFileReference; fileEncoding = 4; lastKnownFileType = sourcecode.cpp.h; path = CSharpLexer.hpp; sourceTree = "<group>"; };
		B637470A3A19FEB0911A1DF0 /* CSharpParser.hpp */ = {isa = PBXFileReference; fileEncoding = 4; lastKnownFileType = sourcecode.cpp.h; path = CSharpParser.hpp; sourceTree = "<group>"; };
		B6374941B29ADFD0619C8541 /* CodeR */ = {isa = PBXFileReference; explicitFileType = "compiled.mach-o.executable"; includeInIndex = 0; path = CodeR; sourceTree = BUILT_PRODUCTS_DIR; };
		B6374D0FDEDEB0D2283D2AD0 /* main.cpp */ = {isa = PBXFileReference; fileEncoding = 4; lastKnownFileType = sourcecode.cpp.cpp; path = main.cpp; sourceTree = "<group>"; };
		B6374E0D5E70AEFFF67A5F4F /* Application.cpp */ = {isa = PBXFileReference; fileEncoding = 4; lastKnownFileType = sourcecode.cpp.cpp; path = Application.cpp; sourceTree = "<group>"; };
/* End PBXFileReference section */

/* Begin PBXFrameworksBuildPhase section */
		B6374905846DAB52C5AE5CE1 /* Frameworks */ = {
			isa = PBXFrameworksBuildPhase;
			buildActionMask = 2147483647;
			files = (
			);
			runOnlyForDeploymentPostprocessing = 0;
		};
/* End PBXFrameworksBuildPhase section */

/* Begin PBXGroup section */
		B63744B65649D7D3211B44C8 = {
			isa = PBXGroup;
			children = (
				B6374C097D839A6568EF2FE5 /* Products */,
				B63744E87C2384A7619E5872 /* CodeR */,
			);
			sourceTree = "<group>";
		};
		B63744E87C2384A7619E5872 /* CodeR */ = {
			isa = PBXGroup;
			children = (
				B637417A578456C7E3153360 /* Application.hpp */,
				B6374E0D5E70AEFFF67A5F4F /* Application.cpp */,
				B6374D0FDEDEB0D2283D2AD0 /* main.cpp */,
				B637470A3A19FEB0911A1DF0 /* CSharpParser.hpp */,
				B63744A01BCC06D91AD60CD5 /* CSharpParser.cpp */,
				B63746FA378C72578DB63626 /* CSharpLexer.hpp */,
				B63744E31F1E99C2E7837DB8 /* CSharpLexer.cpp */,
				B63742AE7BA46C6936FCC1B5 /* CodeR.1 */,
			);
			path = CodeR;
			sourceTree = "<group>";
		};
		B6374C097D839A6568EF2FE5 /* Products */ = {
			isa = PBXGroup;
			children = (
				B6374941B29ADFD0619C8541 /* CodeR */,
			);
			name = Products;
			sourceTree = "<group>";
		};
/* End PBXGroup section */

/* Begin PBXNativeTarget section */
		B63744934AE152CE6BCDB25D /* CodeR */ = {
			isa = PBXNativeTarget;
			buildConfigurationList = B6374E427C2521E9CE9F189B /* Build configuration list for PBXNativeTarget "CodeR" */;
			buildPhases = (
				B63745A41BE3E1FD6364EF60 /* Sources */,
				B6374905846DAB52C5AE5CE1 /* Frameworks */,
				B6374960C7AC8823799FFB37 /* CopyFiles */,
			);
			buildRules = (
			);
			dependencies = (
			);
			name = CodeR;
			productName = CodeR;
			productReference = B6374941B29ADFD0619C8541 /* CodeR */;
			productType = "com.apple.product-type.tool";
		};
/* End PBXNativeTarget section */

/* Begin PBXProject section */
		B63749815FFB3B8EB0B955DB /* Project object */ = {
			isa = PBXProject;
			buildConfigurationList = B6374275C8405BF90E89902B /* Build configuration list for PBXProject "CodeR" */;
			compatibilityVersion = "Xcode 3.2";
			developmentRegion = English;
			hasScannedForEncodings = 0;
			knownRegions = (
				en,
			);
			mainGroup = B63744B65649D7D3211B44C8;
			productRefGroup = B6374C097D839A6568EF2FE5 /* Products */;
			projectDirPath = "";
			projectRoot = "";
			targets = (
				B63744934AE152CE6BCDB25D /* CodeR */,
			);
		};
/* End PBXProject section */

/* Begin PBXSourcesBuildPhase section */
		B63745A41BE3E1FD6364EF60 /* Sources */ = {
			isa = PBXSourcesBuildPhase;
			buildActionMask = 2147483647;
			files = (
				B63745332353305DFEA12626 /* CSharpLexer.cpp in Sources */,
				B63740AE099590C52B6A2C47 /* CSharpParser.cpp in Sources */,
				B6374FC062654F6594321E2F /* main.cpp in Sources */,
				B6374BC93CCD4F0F87A4E272 /* Application.cpp in Sources */,
			);
			runOnlyForDeploymentPostprocessing = 0;
		};
/* End PBXSourcesBuildPhase section */

/* Begin XCBuildConfiguration section */
		B63742F2A2F38EA579129387 /* Release */ = {
			isa = XCBuildConfiguration;
			buildSettings = {
				PRODUCT_NAME = "$(TARGET_NAME)";
			};
			name = Release;
		};
		B637456414010C47BEC03119 /* Release */ = {
			isa = XCBuildConfiguration;
			buildSettings = {
				ALWAYS_SEARCH_USER_PATHS = YES;
				ARCHS = "$(ARCHS_STANDARD_64_BIT)";
				CLANG_CXX_LANGUAGE_STANDARD = "gnu++0x";
				CLANG_ENABLE_OBJC_ARC = YES;
				CLANG_WARN__DUPLICATE_METHOD_MATCH = YES;
				COPY_PHASE_STRIP = YES;
				DEBUG_INFORMATION_FORMAT = "dwarf-with-dsym";
				GCC_C_LANGUAGE_STANDARD = gnu99;
				GCC_ENABLE_OBJC_EXCEPTIONS = YES;
				GCC_WARN_64_TO_32_BIT_CONVERSION = YES;
				GCC_WARN_ABOUT_RETURN_TYPE = YES;
				GCC_WARN_UNINITIALIZED_AUTOS = YES;
				GCC_WARN_UNUSED_VARIABLE = YES;
				HEADER_SEARCH_PATHS = (
					/Users/graham/projects/CODER/cpp/include/antlr3,
				);
				MACOSX_DEPLOYMENT_TARGET = 10.8;
				SDKROOT = macosx;
				USER_HEADER_SEARCH_PATHS = (
					/Users/graham/projects/CODER/cpp/include/antlr3,
				);
			};
			name = Release;
		};
		B6374BADD8B5D0844F529564 /* Debug */ = {
			isa = XCBuildConfiguration;
			buildSettings = {
				PRODUCT_NAME = "$(TARGET_NAME)";
			};
			name = Debug;
		};
		B6374EFC339DED8A07A6C991 /* Debug */ = {
			isa = XCBuildConfiguration;
			buildSettings = {
				ALWAYS_SEARCH_USER_PATHS = YES;
				ARCHS = "$(ARCHS_STANDARD_64_BIT)";
				CLANG_CXX_LANGUAGE_STANDARD = "gnu++0x";
				CLANG_ENABLE_OBJC_ARC = YES;
				CLANG_WARN__DUPLICATE_METHOD_MATCH = YES;
				COPY_PHASE_STRIP = NO;
				GCC_C_LANGUAGE_STANDARD = gnu99;
				GCC_DYNAMIC_NO_PIC = NO;
				GCC_ENABLE_OBJC_EXCEPTIONS = YES;
				GCC_OPTIMIZATION_LEVEL = 0;
				GCC_PREPROCESSOR_DEFINITIONS = (
					"DEBUG=1",
					"$(inherited)",
				);
				GCC_SYMBOLS_PRIVATE_EXTERN = NO;
				GCC_WARN_64_TO_32_BIT_CONVERSION = YES;
				GCC_WARN_ABOUT_RETURN_TYPE = YES;
				GCC_WARN_UNINITIALIZED_AUTOS = YES;
				GCC_WARN_UNUSED_VARIABLE = YES;
				HEADER_SEARCH_PATHS = (
					/Users/graham/projects/CODER/cpp/include/antlr3,
				);
				MACOSX_DEPLOYMENT_TARGET = 10.8;
				ONLY_ACTIVE_ARCH = YES;
				SDKROOT = macosx;
				USER_HEADER_SEARCH_PATHS = (
					/Users/graham/projects/CODER/cpp/include/antlr3,
				);
			};
			name = Debug;
		};
/* End XCBuildConfiguration section */

/* Begin XCConfigurationList section */
		B6374275C8405BF90E89902B /* Build configuration list for PBXProject "CodeR" */ = {
			isa = XCConfigurationList;
			buildConfigurations = (
				B637456414010C47BEC03119 /* Release */,
				B6374EFC339DED8A07A6C991 /* Debug */,
			);
			defaultConfigurationIsVisible = 0;
			defaultConfigurationName = Release;
		};
		B6374E427C2521E9CE9F189B /* Build configuration list for PBXNativeTarget "CodeR" */ = {
			isa = XCConfigurationList;
			buildConfigurations = (
				B63742F2A2F38EA579129387 /* Release */,
				B6374BADD8B5D0844F529564 /* Debug */,
			);
			defaultConfigurationIsVisible = 0;
		};
/* End XCConfigurationList section */
	};
	rootObject = B63749815FFB3B8EB0B955DB /* Project object */;
}
